Microsoft Visual Studio Solution File, Format Version 12.00
# Visual Studio Version 17
VisualStudioVersion = 17.5.2.0
MinimumVisualStudioVersion = 10.0.40219.1
Project("{FAE04EC0-301F-11D3-BF4B-00C04F79EFBC}") = "MuseDashScoreRemoval", "MuseDashScoreRemoval.csproj", "{D3970D69-327E-F89B-887A-28F6EB8ED150}"
EndProject
Global
	GlobalSection(SolutionConfigurationPlatforms) = preSolution
		Debug|Any CPU = Debug|Any CPU
		Release|Any CPU = Release|Any CPU
	EndGlobalSection
	GlobalSection(ProjectConfigurationPlatforms) = postSolution
		{D3970D69-327E-F89B-887A-28F6EB8ED150}.Debug|Any CPU.ActiveCfg = Debug|Any CPU
		{D3970D69-327E-F89B-887A-28F6EB8ED150}.Debug|Any CPU.Build.0 = Debug|Any CPU
		{D3970D69-327E-F89B-887A-28F6EB8ED150}.Release|Any CPU.ActiveCfg = Release|Any CPU
		{D3970D69-327E-F89B-887A-28F6EB8ED150}.Release|Any CPU.Build.0 = Release|Any CPU
	EndGlobalSection
	GlobalSection(SolutionProperties) = preSolution
		HideSolutionNode = FALSE
	EndGlobalSection
	GlobalSection(ExtensibilityGlobals) = postSolution
		SolutionGuid = {8F6AA0EE-5BB4-4C0C-9A14-2F6C631D5CA5}
	EndGlobalSection
EndGlobal
